// !$*UTF8*$!
{
	archiveVersion = 1;
	classes = {
	};
	objectVersion = 48;
	objects = {

/* Begin PBXBuildFile section */
		3CC228DFDF8F4A3ABA4EDD60 /* Pods_nytimesTests.framework in Frameworks */ = {isa = PBXBuildFile; fileRef = C55D7B093EA63610C48A86A4 /* Pods_nytimesTests.framework */; };
		450E6B0A207A459800A2B29A /* SearchConfigPresenter.swift in Sources */ = {isa = PBXBuildFile; fileRef = 450E6B03207A459800A2B29A /* SearchConfigPresenter.swift */; };
		450E6B0B207A459800A2B29A /* SearchConfigViewController.swift in Sources */ = {isa = PBXBuildFile; fileRef = 450E6B04207A459800A2B29A /* SearchConfigViewController.swift */; };
		450E6B0C207A459800A2B29A /* SearchConfigInteractor.swift in Sources */ = {isa = PBXBuildFile; fileRef = 450E6B05207A459800A2B29A /* SearchConfigInteractor.swift */; };
		450E6B0D207A459800A2B29A /* SearchConfigAPIClient.swift in Sources */ = {isa = PBXBuildFile; fileRef = 450E6B06207A459800A2B29A /* SearchConfigAPIClient.swift */; };
		450E6B0E207A459800A2B29A /* SearchConfigView.xib in Resources */ = {isa = PBXBuildFile; fileRef = 450E6B07207A459800A2B29A /* SearchConfigView.xib */; };
		450E6B0F207A459800A2B29A /* SearchConfigDataManager.swift in Sources */ = {isa = PBXBuildFile; fileRef = 450E6B08207A459800A2B29A /* SearchConfigDataManager.swift */; };
		450E6B10207A459800A2B29A /* SearchConfigWireframe.swift in Sources */ = {isa = PBXBuildFile; fileRef = 450E6B09207A459800A2B29A /* SearchConfigWireframe.swift */; };
		450E6B20207A45D300A2B29A /* BaseWireframe.swift in Sources */ = {isa = PBXBuildFile; fileRef = 450E6B13207A45D300A2B29A /* BaseWireframe.swift */; };
		450E6B21207A45D300A2B29A /* BaseDataManager.swift in Sources */ = {isa = PBXBuildFile; fileRef = 450E6B14207A45D300A2B29A /* BaseDataManager.swift */; };
		450E6B22207A45D300A2B29A /* BaseViewController.swift in Sources */ = {isa = PBXBuildFile; fileRef = 450E6B15207A45D300A2B29A /* BaseViewController.swift */; };
		450E6B27207A45D300A2B29A /* BaseAPIClient.swift in Sources */ = {isa = PBXBuildFile; fileRef = 450E6B1A207A45D300A2B29A /* BaseAPIClient.swift */; };
		450E6B2A207A45D300A2B29A /* BasePresenter.swift in Sources */ = {isa = PBXBuildFile; fileRef = 450E6B1D207A45D300A2B29A /* BasePresenter.swift */; };
		450E6B2C207A45D300A2B29A /* BaseWireframeProtocol.swift in Sources */ = {isa = PBXBuildFile; fileRef = 450E6B1F207A45D300A2B29A /* BaseWireframeProtocol.swift */; };
		4525F198207A49D600D50B22 /* String+Extensions.swift in Sources */ = {isa = PBXBuildFile; fileRef = 4525F197207A49D600D50B22 /* String+Extensions.swift */; };
		4525F19B207A548200D50B22 /* SearchModel.swift in Sources */ = {isa = PBXBuildFile; fileRef = 4525F19A207A548200D50B22 /* SearchModel.swift */; };
		4525F1A5207A578000D50B22 /* ArticlesListPresenter.swift in Sources */ = {isa = PBXBuildFile; fileRef = 4525F19E207A578000D50B22 /* ArticlesListPresenter.swift */; };
		4525F1A6207A578000D50B22 /* ArticlesListViewController.swift in Sources */ = {isa = PBXBuildFile; fileRef = 4525F19F207A578000D50B22 /* ArticlesListViewController.swift */; };
		4525F1A7207A578000D50B22 /* ArticlesListInteractor.swift in Sources */ = {isa = PBXBuildFile; fileRef = 4525F1A0207A578000D50B22 /* ArticlesListInteractor.swift */; };
		4525F1A8207A578000D50B22 /* ArticlesListAPIClient.swift in Sources */ = {isa = PBXBuildFile; fileRef = 4525F1A1207A578000D50B22 /* ArticlesListAPIClient.swift */; };
		4525F1A9207A578000D50B22 /* ArticlesListView.xib in Resources */ = {isa = PBXBuildFile; fileRef = 4525F1A2207A578000D50B22 /* ArticlesListView.xib */; };
		4525F1AA207A578000D50B22 /* ArticlesListDataManager.swift in Sources */ = {isa = PBXBuildFile; fileRef = 4525F1A3207A578000D50B22 /* ArticlesListDataManager.swift */; };
		4525F1AB207A578000D50B22 /* ArticlesListWireframe.swift in Sources */ = {isa = PBXBuildFile; fileRef = 4525F1A4207A578000D50B22 /* ArticlesListWireframe.swift */; };
		45E0969E207A42B700D4936E /* AppDelegate.swift in Sources */ = {isa = PBXBuildFile; fileRef = 45E0969D207A42B700D4936E /* AppDelegate.swift */; };
		45E096A5207A42B700D4936E /* Assets.xcassets in Resources */ = {isa = PBXBuildFile; fileRef = 45E096A4207A42B700D4936E /* Assets.xcassets */; };
		45E096A8207A42B700D4936E /* LaunchScreen.storyboard in Resources */ = {isa = PBXBuildFile; fileRef = 45E096A6207A42B700D4936E /* LaunchScreen.storyboard */; };
		45E096B3207A42B700D4936E /* nytimesTests.swift in Sources */ = {isa = PBXBuildFile; fileRef = 45E096B2207A42B700D4936E /* nytimesTests.swift */; };
		45E096BE207A42B700D4936E /* nytimesUITests.swift in Sources */ = {isa = PBXBuildFile; fileRef = 45E096BD207A42B700D4936E /* nytimesUITests.swift */; };
		8942B2EAB187D32B27AEA111 /* Pods_nytimes.framework in Frameworks */ = {isa = PBXBuildFile; fileRef = 0EF1070F8B4E6034866078E9 /* Pods_nytimes.framework */; };
		963EA455C132F3DC008CE9C5 /* Pods_nytimesUITests.framework in Frameworks */ = {isa = PBXBuildFile; fileRef = DA00E64E55B916CDD97F1E80 /* Pods_nytimesUITests.framework */; };
/* End PBXBuildFile section */

/* Begin PBXContainerItemProxy section */
		45E096AF207A42B700D4936E /* PBXContainerItemProxy */ = {
			isa = PBXContainerItemProxy;
			containerPortal = 45E09692207A42B700D4936E /* Project object */;
			proxyType = 1;
			remoteGlobalIDString = 45E09699207A42B700D4936E;
			remoteInfo = nytimes;
		};
		45E096BA207A42B700D4936E /* PBXContainerItemProxy */ = {
			isa = PBXContainerItemProxy;
			containerPortal = 45E09692207A42B700D4936E /* Project object */;
			proxyType = 1;
			remoteGlobalIDString = 45E09699207A42B700D4936E;
			remoteInfo = nytimes;
		};
/* End PBXContainerItemProxy section */

/* Begin PBXFileReference section */
		0EF1070F8B4E6034866078E9 /* Pods_nytimes.framework */ = {isa = PBXFileReference; explicitFileType = wrapper.framework; includeInIndex = 0; path = Pods_nytimes.framework; sourceTree = BUILT_PRODUCTS_DIR; };
		15ABDDC15894D76D638866FD /* Pods-nytimes.debug.xcconfig */ = {isa = PBXFileReference; includeInIndex = 1; lastKnownFileType = text.xcconfig; name = "Pods-nytimes.debug.xcconfig"; path = "Pods/Target Support Files/Pods-nytimes/Pods-nytimes.debug.xcconfig"; sourceTree = "<group>"; };
		450E6B03207A459800A2B29A /* SearchConfigPresenter.swift */ = {isa = PBXFileReference; lastKnownFileType = sourcecode.swift; path = SearchConfigPresenter.swift; sourceTree = "<group>"; };
		450E6B04207A459800A2B29A /* SearchConfigViewController.swift */ = {isa = PBXFileReference; lastKnownFileType = sourcecode.swift; path = SearchConfigViewController.swift; sourceTree = "<group>"; };
		450E6B05207A459800A2B29A /* SearchConfigInteractor.swift */ = {isa = PBXFileReference; lastKnownFileType = sourcecode.swift; path = SearchConfigInteractor.swift; sourceTree = "<group>"; };
		450E6B06207A459800A2B29A /* SearchConfigAPIClient.swift */ = {isa = PBXFileReference; lastKnownFileType = sourcecode.swift; path = SearchConfigAPIClient.swift; sourceTree = "<group>"; };
		450E6B07207A459800A2B29A /* SearchConfigView.xib */ = {isa = PBXFileReference; lastKnownFileType = file.xib; path = SearchConfigView.xib; sourceTree = "<group>"; };
		450E6B08207A459800A2B29A /* SearchConfigDataManager.swift */ = {isa = PBXFileReference; lastKnownFileType = sourcecode.swift; path = SearchConfigDataManager.swift; sourceTree = "<group>"; };
		450E6B09207A459800A2B29A /* SearchConfigWireframe.swift */ = {isa = PBXFileReference; lastKnownFileType = sourcecode.swift; path = SearchConfigWireframe.swift; sourceTree = "<group>"; };
		450E6B13207A45D300A2B29A /* BaseWireframe.swift */ = {isa = PBXFileReference; fileEncoding = 4; lastKnownFileType = sourcecode.swift; path = BaseWireframe.swift; sourceTree = "<group>"; };
		450E6B14207A45D300A2B29A /* BaseDataManager.swift */ = {isa = PBXFileReference; fileEncoding = 4; lastKnownFileType = sourcecode.swift; path = BaseDataManager.swift; sourceTree = "<group>"; };
		450E6B15207A45D300A2B29A /* BaseViewController.swift */ = {isa = PBXFileReference; fileEncoding = 4; lastKnownFileType = sourcecode.swift; path = BaseViewController.swift; sourceTree = "<group>"; };
		450E6B1A207A45D300A2B29A /* BaseAPIClient.swift */ = {isa = PBXFileReference; fileEncoding = 4; lastKnownFileType = sourcecode.swift; path = BaseAPIClient.swift; sourceTree = "<group>"; };
		450E6B1D207A45D300A2B29A /* BasePresenter.swift */ = {isa = PBXFileReference; fileEncoding = 4; lastKnownFileType = sourcecode.swift; path = BasePresenter.swift; sourceTree = "<group>"; };
		450E6B1F207A45D300A2B29A /* BaseWireframeProtocol.swift */ = {isa = PBXFileReference; fileEncoding = 4; lastKnownFileType = sourcecode.swift; path = BaseWireframeProtocol.swift; sourceTree = "<group>"; };
		4525F197207A49D600D50B22 /* String+Extensions.swift */ = {isa = PBXFileReference; lastKnownFileType = sourcecode.swift; path = "String+Extensions.swift"; sourceTree = "<group>"; };
		4525F19A207A548200D50B22 /* SearchModel.swift */ = {isa = PBXFileReference; lastKnownFileType = sourcecode.swift; path = SearchModel.swift; sourceTree = "<group>"; };
		4525F19E207A578000D50B22 /* ArticlesListPresenter.swift */ = {isa = PBXFileReference; lastKnownFileType = sourcecode.swift; path = ArticlesListPresenter.swift; sourceTree = "<group>"; };
		4525F19F207A578000D50B22 /* ArticlesListViewController.swift */ = {isa = PBXFileReference; lastKnownFileType = sourcecode.swift; path = ArticlesListViewController.swift; sourceTree = "<group>"; };
		4525F1A0207A578000D50B22 /* ArticlesListInteractor.swift */ = {isa = PBXFileReference; lastKnownFileType = sourcecode.swift; path = ArticlesListInteractor.swift; sourceTree = "<group>"; };
		4525F1A1207A578000D50B22 /* ArticlesListAPIClient.swift */ = {isa = PBXFileReference; lastKnownFileType = sourcecode.swift; path = ArticlesListAPIClient.swift; sourceTree = "<group>"; };
		4525F1A2207A578000D50B22 /* ArticlesListView.xib */ = {isa = PBXFileReference; lastKnownFileType = file.xib; path = ArticlesListView.xib; sourceTree = "<group>"; };
		4525F1A3207A578000D50B22 /* ArticlesListDataManager.swift */ = {isa = PBXFileReference; lastKnownFileType = sourcecode.swift; path = ArticlesListDataManager.swift; sourceTree = "<group>"; };
		4525F1A4207A578000D50B22 /* ArticlesListWireframe.swift */ = {isa = PBXFileReference; lastKnownFileType = sourcecode.swift; path = ArticlesListWireframe.swift; sourceTree = "<group>"; };
		45E0969A207A42B700D4936E /* nytimes.app */ = {isa = PBXFileReference; explicitFileType = wrapper.application; includeInIndex = 0; path = nytimes.app; sourceTree = BUILT_PRODUCTS_DIR; };
		45E0969D207A42B700D4936E /* AppDelegate.swift */ = {isa = PBXFileReference; lastKnownFileType = sourcecode.swift; path = AppDelegate.swift; sourceTree = "<group>"; };
		45E096A4207A42B700D4936E /* Assets.xcassets */ = {isa = PBXFileReference; lastKnownFileType = folder.assetcatalog; path = Assets.xcassets; sourceTree = "<group>"; };
		45E096A7207A42B700D4936E /* Base */ = {isa = PBXFileReference; lastKnownFileType = file.storyboard; name = Base; path = Base.lproj/LaunchScreen.storyboard; sourceTree = "<group>"; };
		45E096A9207A42B700D4936E /* Info.plist */ = {isa = PBXFileReference; lastKnownFileType = text.plist.xml; path = Info.plist; sourceTree = "<group>"; };
		45E096AE207A42B700D4936E /* nytimesTests.xctest */ = {isa = PBXFileReference; explicitFileType = wrapper.cfbundle; includeInIndex = 0; path = nytimesTests.xctest; sourceTree = BUILT_PRODUCTS_DIR; };
		45E096B2207A42B700D4936E /* nytimesTests.swift */ = {isa = PBXFileReference; lastKnownFileType = sourcecode.swift; path = nytimesTests.swift; sourceTree = "<group>"; };
		45E096B4207A42B700D4936E /* Info.plist */ = {isa = PBXFileReference; lastKnownFileType = text.plist.xml; path = Info.plist; sourceTree = "<group>"; };
		45E096B9207A42B700D4936E /* nytimesUITests.xctest */ = {isa = PBXFileReference; explicitFileType = wrapper.cfbundle; includeInIndex = 0; path = nytimesUITests.xctest; sourceTree = BUILT_PRODUCTS_DIR; };
		45E096BD207A42B700D4936E /* nytimesUITests.swift */ = {isa = PBXFileReference; lastKnownFileType = sourcecode.swift; path = nytimesUITests.swift; sourceTree = "<group>"; };
		45E096BF207A42B700D4936E /* Info.plist */ = {isa = PBXFileReference; lastKnownFileType = text.plist.xml; path = Info.plist; sourceTree = "<group>"; };
		5D6183B426C411CBADF4E14A /* Pods-nytimesTests.release.xcconfig */ = {isa = PBXFileReference; includeInIndex = 1; lastKnownFileType = text.xcconfig; name = "Pods-nytimesTests.release.xcconfig"; path = "Pods/Target Support Files/Pods-nytimesTests/Pods-nytimesTests.release.xcconfig"; sourceTree = "<group>"; };
		C55D7B093EA63610C48A86A4 /* Pods_nytimesTests.framework */ = {isa = PBXFileReference; explicitFileType = wrapper.framework; includeInIndex = 0; path = Pods_nytimesTests.framework; sourceTree = BUILT_PRODUCTS_DIR; };
		D0428A2BD6688C0AF3F76D85 /* Pods-nytimesTests.debug.xcconfig */ = {isa = PBXFileReference; includeInIndex = 1; lastKnownFileType = text.xcconfig; name = "Pods-nytimesTests.debug.xcconfig"; path = "Pods/Target Support Files/Pods-nytimesTests/Pods-nytimesTests.debug.xcconfig"; sourceTree = "<group>"; };
		D261B760783D0D6AA9FF172B /* Pods-nytimesUITests.debug.xcconfig */ = {isa = PBXFileReference; includeInIndex = 1; lastKnownFileType = text.xcconfig; name = "Pods-nytimesUITests.debug.xcconfig"; path = "Pods/Target Support Files/Pods-nytimesUITests/Pods-nytimesUITests.debug.xcconfig"; sourceTree = "<group>"; };
		DA00E64E55B916CDD97F1E80 /* Pods_nytimesUITests.framework */ = {isa = PBXFileReference; explicitFileType = wrapper.framework; includeInIndex = 0; path = Pods_nytimesUITests.framework; sourceTree = BUILT_PRODUCTS_DIR; };
		F0022917B94272F84C28EF20 /* Pods-nytimes.release.xcconfig */ = {isa = PBXFileReference; includeInIndex = 1; lastKnownFileType = text.xcconfig; name = "Pods-nytimes.release.xcconfig"; path = "Pods/Target Support Files/Pods-nytimes/Pods-nytimes.release.xcconfig"; sourceTree = "<group>"; };
		FC3FFC7D8073B5A24213B5D3 /* Pods-nytimesUITests.release.xcconfig */ = {isa = PBXFileReference; includeInIndex = 1; lastKnownFileType = text.xcconfig; name = "Pods-nytimesUITests.release.xcconfig"; path = "Pods/Target Support Files/Pods-nytimesUITests/Pods-nytimesUITests.release.xcconfig"; sourceTree = "<group>"; };
/* End PBXFileReference section */

/* Begin PBXFrameworksBuildPhase section */
		45E09697207A42B700D4936E /* Frameworks */ = {
			isa = PBXFrameworksBuildPhase;
			buildActionMask = 2147483647;
			files = (
				8942B2EAB187D32B27AEA111 /* Pods_nytimes.framework in Frameworks */,
			);
			runOnlyForDeploymentPostprocessing = 0;
		};
		45E096AB207A42B700D4936E /* Frameworks */ = {
			isa = PBXFrameworksBuildPhase;
			buildActionMask = 2147483647;
			files = (
				3CC228DFDF8F4A3ABA4EDD60 /* Pods_nytimesTests.framework in Frameworks */,
			);
			runOnlyForDeploymentPostprocessing = 0;
		};
		45E096B6207A42B700D4936E /* Frameworks */ = {
			isa = PBXFrameworksBuildPhase;
			buildActionMask = 2147483647;
			files = (
				963EA455C132F3DC008CE9C5 /* Pods_nytimesUITests.framework in Frameworks */,
			);
			runOnlyForDeploymentPostprocessing = 0;
		};
/* End PBXFrameworksBuildPhase section */

/* Begin PBXGroup section */
		450E6B00207A456900A2B29A /* Code */ = {
			isa = PBXGroup;
			children = (
				450E6B01207A456E00A2B29A /* Modules */,
			);
			path = Code;
			sourceTree = "<group>";
		};
		450E6B01207A456E00A2B29A /* Modules */ = {
			isa = PBXGroup;
			children = (
				450E6B11207A45D300A2B29A /* Common */,
				4525F19D207A56F800D50B22 /* ArticlesList */,
				450E6B02207A458200A2B29A /* SearchConfig */,
			);
			path = Modules;
			sourceTree = "<group>";
		};
		450E6B02207A458200A2B29A /* SearchConfig */ = {
			isa = PBXGroup;
			children = (
				4525F192207A485400D50B22 /* View */,
				450E6B03207A459800A2B29A /* SearchConfigPresenter.swift */,
				450E6B05207A459800A2B29A /* SearchConfigInteractor.swift */,
				450E6B06207A459800A2B29A /* SearchConfigAPIClient.swift */,
				450E6B08207A459800A2B29A /* SearchConfigDataManager.swift */,
				450E6B09207A459800A2B29A /* SearchConfigWireframe.swift */,
			);
			path = SearchConfig;
			sourceTree = "<group>";
		};
		450E6B11207A45D300A2B29A /* Common */ = {
			isa = PBXGroup;
			children = (
				4525F196207A49BE00D50B22 /* Extensions */,
				450E6B12207A45D300A2B29A /* Base */,
			);
			name = Common;
			path = nytimes/Code/Common;
			sourceTree = SOURCE_ROOT;
		};
		450E6B12207A45D300A2B29A /* Base */ = {
			isa = PBXGroup;
			children = (
				450E6B13207A45D300A2B29A /* BaseWireframe.swift */,
				450E6B14207A45D300A2B29A /* BaseDataManager.swift */,
				450E6B15207A45D300A2B29A /* BaseViewController.swift */,
				450E6B1A207A45D300A2B29A /* BaseAPIClient.swift */,
				450E6B1D207A45D300A2B29A /* BasePresenter.swift */,
				450E6B1F207A45D300A2B29A /* BaseWireframeProtocol.swift */,
			);
			path = Base;
			sourceTree = "<group>";
		};
		4525F192207A485400D50B22 /* View */ = {
			isa = PBXGroup;
			children = (
				450E6B04207A459800A2B29A /* SearchConfigViewController.swift */,
				450E6B07207A459800A2B29A /* SearchConfigView.xib */,
			);
			path = View;
			sourceTree = "<group>";
		};
		4525F196207A49BE00D50B22 /* Extensions */ = {
			isa = PBXGroup;
			children = (
				4525F197207A49D600D50B22 /* String+Extensions.swift */,
			);
			path = Extensions;
			sourceTree = "<group>";
		};
		4525F199207A547300D50B22 /* Model */ = {
			isa = PBXGroup;
			children = (
				4525F19A207A548200D50B22 /* SearchModel.swift */,
			);
			path = Model;
			sourceTree = "<group>";
		};
		4525F19D207A56F800D50B22 /* ArticlesList */ = {
			isa = PBXGroup;
			children = (
				4525F199207A547300D50B22 /* Model */,
				4525F1AC207A578300D50B22 /* View */,
				4525F19E207A578000D50B22 /* ArticlesListPresenter.swift */,
				4525F1A0207A578000D50B22 /* ArticlesListInteractor.swift */,
				4525F1A1207A578000D50B22 /* ArticlesListAPIClient.swift */,
				4525F1A3207A578000D50B22 /* ArticlesListDataManager.swift */,
				4525F1A4207A578000D50B22 /* ArticlesListWireframe.swift */,
			);
			path = ArticlesList;
			sourceTree = "<group>";
		};
		4525F1AC207A578300D50B22 /* View */ = {
			isa = PBXGroup;
			children = (
				4525F19F207A578000D50B22 /* ArticlesListViewController.swift */,
				4525F1A2207A578000D50B22 /* ArticlesListView.xib */,
			);
			path = View;
			sourceTree = "<group>";
		};
		45E09691207A42B700D4936E = {
			isa = PBXGroup;
			children = (
				45E0969C207A42B700D4936E /* nytimes */,
				45E096B1207A42B700D4936E /* nytimesTests */,
				45E096BC207A42B700D4936E /* nytimesUITests */,
				45E0969B207A42B700D4936E /* Products */,
				67BC0BA5EFF2446F41FDE3EA /* Pods */,
				89C8A38F556BE96094DA6C18 /* Frameworks */,
			);
			sourceTree = "<group>";
		};
		45E0969B207A42B700D4936E /* Products */ = {
			isa = PBXGroup;
			children = (
				45E0969A207A42B700D4936E /* nytimes.app */,
				45E096AE207A42B700D4936E /* nytimesTests.xctest */,
				45E096B9207A42B700D4936E /* nytimesUITests.xctest */,
			);
			name = Products;
			sourceTree = "<group>";
		};
		45E0969C207A42B700D4936E /* nytimes */ = {
			isa = PBXGroup;
			children = (
				450E6B00207A456900A2B29A /* Code */,
				45E0969D207A42B700D4936E /* AppDelegate.swift */,
				45E096A4207A42B700D4936E /* Assets.xcassets */,
				45E096A6207A42B700D4936E /* LaunchScreen.storyboard */,
				45E096A9207A42B700D4936E /* Info.plist */,
			);
			path = nytimes;
			sourceTree = "<group>";
		};
		45E096B1207A42B700D4936E /* nytimesTests */ = {
			isa = PBXGroup;
			children = (
				45E096B2207A42B700D4936E /* nytimesTests.swift */,
				45E096B4207A42B700D4936E /* Info.plist */,
			);
			path = nytimesTests;
			sourceTree = "<group>";
		};
		45E096BC207A42B700D4936E /* nytimesUITests */ = {
			isa = PBXGroup;
			children = (
				45E096BD207A42B700D4936E /* nytimesUITests.swift */,
				45E096BF207A42B700D4936E /* Info.plist */,
			);
			path = nytimesUITests;
			sourceTree = "<group>";
		};
		67BC0BA5EFF2446F41FDE3EA /* Pods */ = {
			isa = PBXGroup;
			children = (
				15ABDDC15894D76D638866FD /* Pods-nytimes.debug.xcconfig */,
				F0022917B94272F84C28EF20 /* Pods-nytimes.release.xcconfig */,
				D0428A2BD6688C0AF3F76D85 /* Pods-nytimesTests.debug.xcconfig */,
				5D6183B426C411CBADF4E14A /* Pods-nytimesTests.release.xcconfig */,
				D261B760783D0D6AA9FF172B /* Pods-nytimesUITests.debug.xcconfig */,
				FC3FFC7D8073B5A24213B5D3 /* Pods-nytimesUITests.release.xcconfig */,
			);
			name = Pods;
			sourceTree = "<group>";
		};
		89C8A38F556BE96094DA6C18 /* Frameworks */ = {
			isa = PBXGroup;
			children = (
				0EF1070F8B4E6034866078E9 /* Pods_nytimes.framework */,
				C55D7B093EA63610C48A86A4 /* Pods_nytimesTests.framework */,
				DA00E64E55B916CDD97F1E80 /* Pods_nytimesUITests.framework */,
			);
			name = Frameworks;
			sourceTree = "<group>";
		};
/* End PBXGroup section */

/* Begin PBXNativeTarget section */
		45E09699207A42B700D4936E /* nytimes */ = {
			isa = PBXNativeTarget;
			buildConfigurationList = 45E096C2207A42B700D4936E /* Build configuration list for PBXNativeTarget "nytimes" */;
			buildPhases = (
				C0E8882DCE07DBB4D413C8DE /* [CP] Check Pods Manifest.lock */,
				45E09696207A42B700D4936E /* Sources */,
				45E09697207A42B700D4936E /* Frameworks */,
				45E09698207A42B700D4936E /* Resources */,
				6855F6119E9717D0E2F8E05E /* [CP] Embed Pods Frameworks */,
				F132A9651EA7494F8ED10085 /* [CP] Copy Pods Resources */,
			);
			buildRules = (
			);
			dependencies = (
			);
			name = nytimes;
			productName = nytimes;
			productReference = 45E0969A207A42B700D4936E /* nytimes.app */;
			productType = "com.apple.product-type.application";
		};
		45E096AD207A42B700D4936E /* nytimesTests */ = {
			isa = PBXNativeTarget;
			buildConfigurationList = 45E096C5207A42B700D4936E /* Build configuration list for PBXNativeTarget "nytimesTests" */;
			buildPhases = (
				8B60DE81A7EBF9EA941CF445 /* [CP] Check Pods Manifest.lock */,
				45E096AA207A42B700D4936E /* Sources */,
				45E096AB207A42B700D4936E /* Frameworks */,
				45E096AC207A42B700D4936E /* Resources */,
				D6C6193456DDDE62273CDD34 /* [CP] Embed Pods Frameworks */,
				C84F55B8E5015B7212ABBD2C /* [CP] Copy Pods Resources */,
			);
			buildRules = (
			);
			dependencies = (
				45E096B0207A42B700D4936E /* PBXTargetDependency */,
			);
			name = nytimesTests;
			productName = nytimesTests;
			productReference = 45E096AE207A42B700D4936E /* nytimesTests.xctest */;
			productType = "com.apple.product-type.bundle.unit-test";
		};
		45E096B8207A42B700D4936E /* nytimesUITests */ = {
			isa = PBXNativeTarget;
			buildConfigurationList = 45E096C8207A42B700D4936E /* Build configuration list for PBXNativeTarget "nytimesUITests" */;
			buildPhases = (
				004185511F4533214C110B4D /* [CP] Check Pods Manifest.lock */,
				45E096B5207A42B700D4936E /* Sources */,
				45E096B6207A42B700D4936E /* Frameworks */,
				45E096B7207A42B700D4936E /* Resources */,
				E47BA8388BAFA3DACC90784D /* [CP] Embed Pods Frameworks */,
				A456013DA0CFE8E03F25B23A /* [CP] Copy Pods Resources */,
			);
			buildRules = (
			);
			dependencies = (
				45E096BB207A42B700D4936E /* PBXTargetDependency */,
			);
			name = nytimesUITests;
			productName = nytimesUITests;
			productReference = 45E096B9207A42B700D4936E /* nytimesUITests.xctest */;
			productType = "com.apple.product-type.bundle.ui-testing";
		};
/* End PBXNativeTarget section */

/* Begin PBXProject section */
		45E09692207A42B700D4936E /* Project object */ = {
			isa = PBXProject;
			attributes = {
				LastSwiftUpdateCheck = 0910;
				LastUpgradeCheck = 0910;
				ORGANIZATIONNAME = "lorenzo villarroel perez";
				TargetAttributes = {
					45E09699207A42B700D4936E = {
						CreatedOnToolsVersion = 9.1;
						ProvisioningStyle = Automatic;
					};
					45E096AD207A42B700D4936E = {
						CreatedOnToolsVersion = 9.1;
						ProvisioningStyle = Automatic;
						TestTargetID = 45E09699207A42B700D4936E;
					};
					45E096B8207A42B700D4936E = {
						CreatedOnToolsVersion = 9.1;
						ProvisioningStyle = Automatic;
						TestTargetID = 45E09699207A42B700D4936E;
					};
				};
			};
			buildConfigurationList = 45E09695207A42B700D4936E /* Build configuration list for PBXProject "nytimes" */;
			compatibilityVersion = "Xcode 8.0";
			developmentRegion = en;
			hasScannedForEncodings = 0;
			knownRegions = (
				en,
				Base,
			);
			mainGroup = 45E09691207A42B700D4936E;
			productRefGroup = 45E0969B207A42B700D4936E /* Products */;
			projectDirPath = "";
			projectRoot = "";
			targets = (
				45E09699207A42B700D4936E /* nytimes */,
				45E096AD207A42B700D4936E /* nytimesTests */,
				45E096B8207A42B700D4936E /* nytimesUITests */,
			);
		};
/* End PBXProject section */

/* Begin PBXResourcesBuildPhase section */
		45E09698207A42B700D4936E /* Resources */ = {
			isa = PBXResourcesBuildPhase;
			buildActionMask = 2147483647;
			files = (
				450E6B0E207A459800A2B29A /* SearchConfigView.xib in Resources */,
				45E096A8207A42B700D4936E /* LaunchScreen.storyboard in Resources */,
				45E096A5207A42B700D4936E /* Assets.xcassets in Resources */,
				4525F1A9207A578000D50B22 /* ArticlesListView.xib in Resources */,
			);
			runOnlyForDeploymentPostprocessing = 0;
		};
		45E096AC207A42B700D4936E /* Resources */ = {
			isa = PBXResourcesBuildPhase;
			buildActionMask = 2147483647;
			files = (
			);
			runOnlyForDeploymentPostprocessing = 0;
		};
		45E096B7207A42B700D4936E /* Resources */ = {
			isa = PBXResourcesBuildPhase;
			buildActionMask = 2147483647;
			files = (
			);
			runOnlyForDeploymentPostprocessing = 0;
		};
/* End PBXResourcesBuildPhase section */

/* Begin PBXShellScriptBuildPhase section */
		004185511F4533214C110B4D /* [CP] Check Pods Manifest.lock */ = {
			isa = PBXShellScriptBuildPhase;
			buildActionMask = 2147483647;
			files = (
			);
			inputPaths = (
				"${PODS_PODFILE_DIR_PATH}/Podfile.lock",
				"${PODS_ROOT}/Manifest.lock",
			);
			name = "[CP] Check Pods Manifest.lock";
			outputPaths = (
				"$(DERIVED_FILE_DIR)/Pods-nytimesUITests-checkManifestLockResult.txt",
			);
			runOnlyForDeploymentPostprocessing = 0;
			shellPath = /bin/sh;
			shellScript = "diff \"${PODS_PODFILE_DIR_PATH}/Podfile.lock\" \"${PODS_ROOT}/Manifest.lock\" > /dev/null\nif [ $? != 0 ] ; then\n    # print error to STDERR\n    echo \"error: The sandbox is not in sync with the Podfile.lock. Run 'pod install' or update your CocoaPods installation.\" >&2\n    exit 1\nfi\n# This output is used by Xcode 'outputs' to avoid re-running this script phase.\necho \"SUCCESS\" > \"${SCRIPT_OUTPUT_FILE_0}\"\n";
			showEnvVarsInLog = 0;
		};
		6855F6119E9717D0E2F8E05E /* [CP] Embed Pods Frameworks */ = {
			isa = PBXShellScriptBuildPhase;
			buildActionMask = 2147483647;
			files = (
			);
			inputPaths = (
				"${SRCROOT}/Pods/Target Support Files/Pods-nytimes/Pods-nytimes-frameworks.sh",
				"${BUILT_PRODUCTS_DIR}/Alamofire/Alamofire.framework",
			);
			name = "[CP] Embed Pods Frameworks";
			outputPaths = (
				"${TARGET_BUILD_DIR}/${FRAMEWORKS_FOLDER_PATH}/Alamofire.framework",
			);
			runOnlyForDeploymentPostprocessing = 0;
			shellPath = /bin/sh;
			shellScript = "\"${SRCROOT}/Pods/Target Support Files/Pods-nytimes/Pods-nytimes-frameworks.sh\"\n";
			showEnvVarsInLog = 0;
		};
		8B60DE81A7EBF9EA941CF445 /* [CP] Check Pods Manifest.lock */ = {
			isa = PBXShellScriptBuildPhase;
			buildActionMask = 2147483647;
			files = (
			);
			inputPaths = (
				"${PODS_PODFILE_DIR_PATH}/Podfile.lock",
				"${PODS_ROOT}/Manifest.lock",
			);
			name = "[CP] Check Pods Manifest.lock";
			outputPaths = (
				"$(DERIVED_FILE_DIR)/Pods-nytimesTests-checkManifestLockResult.txt",
			);
			runOnlyForDeploymentPostprocessing = 0;
			shellPath = /bin/sh;
			shellScript = "diff \"${PODS_PODFILE_DIR_PATH}/Podfile.lock\" \"${PODS_ROOT}/Manifest.lock\" > /dev/null\nif [ $? != 0 ] ; then\n    # print error to STDERR\n    echo \"error: The sandbox is not in sync with the Podfile.lock. Run 'pod install' or update your CocoaPods installation.\" >&2\n    exit 1\nfi\n# This output is used by Xcode 'outputs' to avoid re-running this script phase.\necho \"SUCCESS\" > \"${SCRIPT_OUTPUT_FILE_0}\"\n";
			showEnvVarsInLog = 0;
		};
		A456013DA0CFE8E03F25B23A /* [CP] Copy Pods Resources */ = {
			isa = PBXShellScriptBuildPhase;
			buildActionMask = 2147483647;
			files = (
			);
			inputPaths = (
			);
			name = "[CP] Copy Pods Resources";
			outputPaths = (
			);
			runOnlyForDeploymentPostprocessing = 0;
			shellPath = /bin/sh;
			shellScript = "\"${SRCROOT}/Pods/Target Support Files/Pods-nytimesUITests/Pods-nytimesUITests-resources.sh\"\n";
			showEnvVarsInLog = 0;
		};
		C0E8882DCE07DBB4D413C8DE /* [CP] Check Pods Manifest.lock */ = {
			isa = PBXShellScriptBuildPhase;
			buildActionMask = 2147483647;
			files = (
			);
			inputPaths = (
				"${PODS_PODFILE_DIR_PATH}/Podfile.lock",
				"${PODS_ROOT}/Manifest.lock",
			);
			name = "[CP] Check Pods Manifest.lock";
			outputPaths = (
				"$(DERIVED_FILE_DIR)/Pods-nytimes-checkManifestLockResult.txt",
			);
			runOnlyForDeploymentPostprocessing = 0;
			shellPath = /bin/sh;
			shellScript = "diff \"${PODS_PODFILE_DIR_PATH}/Podfile.lock\" \"${PODS_ROOT}/Manifest.lock\" > /dev/null\nif [ $? != 0 ] ; then\n    # print error to STDERR\n    echo \"error: The sandbox is not in sync with the Podfile.lock. Run 'pod install' or update your CocoaPods installation.\" >&2\n    exit 1\nfi\n# This output is used by Xcode 'outputs' to avoid re-running this script phase.\necho \"SUCCESS\" > \"${SCRIPT_OUTPUT_FILE_0}\"\n";
			showEnvVarsInLog = 0;
		};
		C84F55B8E5015B7212ABBD2C /* [CP] Copy Pods Resources */ = {
			isa = PBXShellScriptBuildPhase;
			buildActionMask = 2147483647;
			files = (
			);
			inputPaths = (
			);
			name = "[CP] Copy Pods Resources";
			outputPaths = (
			);
			runOnlyForDeploymentPostprocessing = 0;
			shellPath = /bin/sh;
			shellScript = "\"${SRCROOT}/Pods/Target Support Files/Pods-nytimesTests/Pods-nytimesTests-resources.sh\"\n";
			showEnvVarsInLog = 0;
		};
		D6C6193456DDDE62273CDD34 /* [CP] Embed Pods Frameworks */ = {
			isa = PBXShellScriptBuildPhase;
			buildActionMask = 2147483647;
			files = (
			);
			inputPaths = (
			);
			name = "[CP] Embed Pods Frameworks";
			outputPaths = (
			);
			runOnlyForDeploymentPostprocessing = 0;
			shellPath = /bin/sh;
			shellScript = "\"${SRCROOT}/Pods/Target Support Files/Pods-nytimesTests/Pods-nytimesTests-frameworks.sh\"\n";
			showEnvVarsInLog = 0;
		};
		E47BA8388BAFA3DACC90784D /* [CP] Embed Pods Frameworks */ = {
			isa = PBXShellScriptBuildPhase;
			buildActionMask = 2147483647;
			files = (
			);
			inputPaths = (
			);
			name = "[CP] Embed Pods Frameworks";
			outputPaths = (
			);
			runOnlyForDeploymentPostprocessing = 0;
			shellPath = /bin/sh;
			shellScript = "\"${SRCROOT}/Pods/Target Support Files/Pods-nytimesUITests/Pods-nytimesUITests-frameworks.sh\"\n";
			showEnvVarsInLog = 0;
		};
		F132A9651EA7494F8ED10085 /* [CP] Copy Pods Resources */ = {
			isa = PBXShellScriptBuildPhase;
			buildActionMask = 2147483647;
			files = (
			);
			inputPaths = (
			);
			name = "[CP] Copy Pods Resources";
			outputPaths = (
			);
			runOnlyForDeploymentPostprocessing = 0;
			shellPath = /bin/sh;
			shellScript = "\"${SRCROOT}/Pods/Target Support Files/Pods-nytimes/Pods-nytimes-resources.sh\"\n";
			showEnvVarsInLog = 0;
		};
/* End PBXShellScriptBuildPhase section */

/* Begin PBXSourcesBuildPhase section */
		45E09696207A42B700D4936E /* Sources */ = {
			isa = PBXSourcesBuildPhase;
			buildActionMask = 2147483647;
			files = (
				450E6B20207A45D300A2B29A /* BaseWireframe.swift in Sources */,
				4525F1A5207A578000D50B22 /* ArticlesListPresenter.swift in Sources */,
				450E6B0F207A459800A2B29A /* SearchConfigDataManager.swift in Sources */,
				450E6B27207A45D300A2B29A /* BaseAPIClient.swift in Sources */,
				4525F1A6207A578000D50B22 /* ArticlesListViewController.swift in Sources */,
				4525F19B207A548200D50B22 /* SearchModel.swift in Sources */,
				450E6B22207A45D300A2B29A /* BaseViewController.swift in Sources */,
				450E6B0B207A459800A2B29A /* SearchConfigViewController.swift in Sources */,
				450E6B2A207A45D300A2B29A /* BasePresenter.swift in Sources */,
				45E0969E207A42B700D4936E /* AppDelegate.swift in Sources */,
				450E6B10207A459800A2B29A /* SearchConfigWireframe.swift in Sources */,
				4525F198207A49D600D50B22 /* String+Extensions.swift in Sources */,
				450E6B0A207A459800A2B29A /* SearchConfigPresenter.swift in Sources */,
				4525F1A8207A578000D50B22 /* ArticlesListAPIClient.swift in Sources */,
				4525F1A7207A578000D50B22 /* ArticlesListInteractor.swift in Sources */,
				450E6B0C207A459800A2B29A /* SearchConfigInteractor.swift in Sources */,
				4525F1AA207A578000D50B22 /* ArticlesListDataManager.swift in Sources */,
				450E6B21207A45D300A2B29A /* BaseDataManager.swift in Sources */,
				450E6B2C207A45D300A2B29A /* BaseWireframeProtocol.swift in Sources */,
				4525F1AB207A578000D50B22 /* ArticlesListWireframe.swift in Sources */,
				450E6B0D207A459800A2B29A /* SearchConfigAPIClient.swift in Sources */,
			);
			runOnlyForDeploymentPostprocessing = 0;
		};
		45E096AA207A42B700D4936E /* Sources */ = {
			isa = PBXSourcesBuildPhase;
			buildActionMask = 2147483647;
			files = (
				45E096B3207A42B700D4936E /* nytimesTests.swift in Sources */,
			);
			runOnlyForDeploymentPostprocessing = 0;
		};
		45E096B5207A42B700D4936E /* Sources */ = {
			isa = PBXSourcesBuildPhase;
			buildActionMask = 2147483647;
			files = (
				45E096BE207A42B700D4936E /* nytimesUITests.swift in Sources */,
			);
			runOnlyForDeploymentPostprocessing = 0;
		};
/* End PBXSourcesBuildPhase section */

/* Begin PBXTargetDependency section */
		45E096B0207A42B700D4936E /* PBXTargetDependency */ = {
			isa = PBXTargetDependency;
			target = 45E09699207A42B700D4936E /* nytimes */;
			targetProxy = 45E096AF207A42B700D4936E /* PBXContainerItemProxy */;
		};
		45E096BB207A42B700D4936E /* PBXTargetDependency */ = {
			isa = PBXTargetDependency;
			target = 45E09699207A42B700D4936E /* nytimes */;
			targetProxy = 45E096BA207A42B700D4936E /* PBXContainerItemProxy */;
		};
/* End PBXTargetDependency section */

/* Begin PBXVariantGroup section */
		45E096A6207A42B700D4936E /* LaunchScreen.storyboard */ = {
			isa = PBXVariantGroup;
			children = (
				45E096A7207A42B700D4936E /* Base */,
			);
			name = LaunchScreen.storyboard;
			sourceTree = "<group>";
		};
/* End PBXVariantGroup section */

/* Begin XCBuildConfiguration section */
		45E096C0207A42B700D4936E /* Debug */ = {
			isa = XCBuildConfiguration;
			buildSettings = {
				ALWAYS_SEARCH_USER_PATHS = NO;
				CLANG_ANALYZER_NONNULL = YES;
				CLANG_ANALYZER_NUMBER_OBJECT_CONVERSION = YES_AGGRESSIVE;
				CLANG_CXX_LANGUAGE_STANDARD = "gnu++14";
				CLANG_CXX_LIBRARY = "libc++";
				CLANG_ENABLE_MODULES = YES;
				CLANG_ENABLE_OBJC_ARC = YES;
				CLANG_WARN_BLOCK_CAPTURE_AUTORELEASING = YES;
				CLANG_WARN_BOOL_CONVERSION = YES;
				CLANG_WARN_COMMA = YES;
				CLANG_WARN_CONSTANT_CONVERSION = YES;
				CLANG_WARN_DIRECT_OBJC_ISA_USAGE = YES_ERROR;
				CLANG_WARN_DOCUMENTATION_COMMENTS = YES;
				CLANG_WARN_EMPTY_BODY = YES;
				CLANG_WARN_ENUM_CONVERSION = YES;
				CLANG_WARN_INFINITE_RECURSION = YES;
				CLANG_WARN_INT_CONVERSION = YES;
				CLANG_WARN_NON_LITERAL_NULL_CONVERSION = YES;
				CLANG_WARN_OBJC_LITERAL_CONVERSION = YES;
				CLANG_WARN_OBJC_ROOT_CLASS = YES_ERROR;
				CLANG_WARN_RANGE_LOOP_ANALYSIS = YES;
				CLANG_WARN_STRICT_PROTOTYPES = YES;
				CLANG_WARN_SUSPICIOUS_MOVE = YES;
				CLANG_WARN_UNGUARDED_AVAILABILITY = YES_AGGRESSIVE;
				CLANG_WARN_UNREACHABLE_CODE = YES;
				CLANG_WARN__DUPLICATE_METHOD_MATCH = YES;
				CODE_SIGN_IDENTITY = "iPhone Developer";
				COPY_PHASE_STRIP = NO;
				DEBUG_INFORMATION_FORMAT = dwarf;
				ENABLE_STRICT_OBJC_MSGSEND = YES;
				ENABLE_TESTABILITY = YES;
				GCC_C_LANGUAGE_STANDARD = gnu11;
				GCC_DYNAMIC_NO_PIC = NO;
				GCC_NO_COMMON_BLOCKS = YES;
				GCC_OPTIMIZATION_LEVEL = 0;
				GCC_PREPROCESSOR_DEFINITIONS = (
					"DEBUG=1",
					"$(inherited)",
				);
				GCC_WARN_64_TO_32_BIT_CONVERSION = YES;
				GCC_WARN_ABOUT_RETURN_TYPE = YES_ERROR;
				GCC_WARN_UNDECLARED_SELECTOR = YES;
				GCC_WARN_UNINITIALIZED_AUTOS = YES_AGGRESSIVE;
				GCC_WARN_UNUSED_FUNCTION = YES;
				GCC_WARN_UNUSED_VARIABLE = YES;
				IPHONEOS_DEPLOYMENT_TARGET = 11.1;
				MTL_ENABLE_DEBUG_INFO = YES;
				ONLY_ACTIVE_ARCH = YES;
				SDKROOT = iphoneos;
				SWIFT_ACTIVE_COMPILATION_CONDITIONS = DEBUG;
				SWIFT_OPTIMIZATION_LEVEL = "-Onone";
			};
			name = Debug;
		};
		45E096C1207A42B700D4936E /* Release */ = {
			isa = XCBuildConfiguration;
			buildSettings = {
				ALWAYS_SEARCH_USER_PATHS = NO;
				CLANG_ANALYZER_NONNULL = YES;
				CLANG_ANALYZER_NUMBER_OBJECT_CONVERSION = YES_AGGRESSIVE;
				CLANG_CXX_LANGUAGE_STANDARD = "gnu++14";
				CLANG_CXX_LIBRARY = "libc++";
				CLANG_ENABLE_MODULES = YES;
				CLANG_ENABLE_OBJC_ARC = YES;
				CLANG_WARN_BLOCK_CAPTURE_AUTORELEASING = YES;
				CLANG_WARN_BOOL_CONVERSION = YES;
				CLANG_WARN_COMMA = YES;
				CLANG_WARN_CONSTANT_CONVERSION = YES;
				CLANG_WARN_DIRECT_OBJC_ISA_USAGE = YES_ERROR;
				CLANG_WARN_DOCUMENTATION_COMMENTS = YES;
				CLANG_WARN_EMPTY_BODY = YES;
				CLANG_WARN_ENUM_CONVERSION = YES;
				CLANG_WARN_INFINITE_RECURSION = YES;
				CLANG_WARN_INT_CONVERSION = YES;
				CLANG_WARN_NON_LITERAL_NULL_CONVERSION = YES;
				CLANG_WARN_OBJC_LITERAL_CONVERSION = YES;
				CLANG_WARN_OBJC_ROOT_CLASS = YES_ERROR;
				CLANG_WARN_RANGE_LOOP_ANALYSIS = YES;
				CLANG_WARN_STRICT_PROTOTYPES = YES;
				CLANG_WARN_SUSPICIOUS_MOVE = YES;
				CLANG_WARN_UNGUARDED_AVAILABILITY = YES_AGGRESSIVE;
				CLANG_WARN_UNREACHABLE_CODE = YES;
				CLANG_WARN__DUPLICATE_METHOD_MATCH = YES;
				CODE_SIGN_IDENTITY = "iPhone Developer";
				COPY_PHASE_STRIP = NO;
				DEBUG_INFORMATION_FORMAT = "dwarf-with-dsym";
				ENABLE_NS_ASSERTIONS = NO;
				ENABLE_STRICT_OBJC_MSGSEND = YES;
				GCC_C_LANGUAGE_STANDARD = gnu11;
				GCC_NO_COMMON_BLOCKS = YES;
				GCC_WARN_64_TO_32_BIT_CONVERSION = YES;
				GCC_WARN_ABOUT_RETURN_TYPE = YES_ERROR;
				GCC_WARN_UNDECLARED_SELECTOR = YES;
				GCC_WARN_UNINITIALIZED_AUTOS = YES_AGGRESSIVE;
				GCC_WARN_UNUSED_FUNCTION = YES;
				GCC_WARN_UNUSED_VARIABLE = YES;
				IPHONEOS_DEPLOYMENT_TARGET = 11.1;
				MTL_ENABLE_DEBUG_INFO = NO;
				SDKROOT = iphoneos;
				SWIFT_OPTIMIZATION_LEVEL = "-Owholemodule";
				VALIDATE_PRODUCT = YES;
			};
			name = Release;
		};
		45E096C3207A42B700D4936E /* Debug */ = {
			isa = XCBuildConfiguration;
			baseConfigurationReference = 15ABDDC15894D76D638866FD /* Pods-nytimes.debug.xcconfig */;
			buildSettings = {
				ASSETCATALOG_COMPILER_APPICON_NAME = AppIcon;
				CODE_SIGN_STYLE = Automatic;
				INFOPLIST_FILE = nytimes/Info.plist;
				LD_RUNPATH_SEARCH_PATHS = "$(inherited) @executable_path/Frameworks";
				PRODUCT_BUNDLE_IDENTIFIER = villarroel.lorenzo.nytimes;
				PRODUCT_NAME = "$(TARGET_NAME)";
				SWIFT_VERSION = 4.0;
				TARGETED_DEVICE_FAMILY = 1;
			};
			name = Debug;
		};
		45E096C4207A42B700D4936E /* Release */ = {
			isa = XCBuildConfiguration;
			baseConfigurationReference = F0022917B94272F84C28EF20 /* Pods-nytimes.release.xcconfig */;
			buildSettings = {
				ASSETCATALOG_COMPILER_APPICON_NAME = AppIcon;
				CODE_SIGN_STYLE = Automatic;
				INFOPLIST_FILE = nytimes/Info.plist;
				LD_RUNPATH_SEARCH_PATHS = "$(inherited) @executable_path/Frameworks";
				PRODUCT_BUNDLE_IDENTIFIER = villarroel.lorenzo.nytimes;
				PRODUCT_NAME = "$(TARGET_NAME)";
				SWIFT_VERSION = 4.0;
				TARGETED_DEVICE_FAMILY = 1;
			};
			name = Release;
		};
		45E096C6207A42B700D4936E /* Debug */ = {
			isa = XCBuildConfiguration;
			baseConfigurationReference = D0428A2BD6688C0AF3F76D85 /* Pods-nytimesTests.debug.xcconfig */;
			buildSettings = {
				ALWAYS_EMBED_SWIFT_STANDARD_LIBRARIES = YES;
				BUNDLE_LOADER = "$(TEST_HOST)";
				CODE_SIGN_STYLE = Automatic;
				INFOPLIST_FILE = nytimesTests/Info.plist;
				LD_RUNPATH_SEARCH_PATHS = "$(inherited) @executable_path/Frameworks @loader_path/Frameworks";
				PRODUCT_BUNDLE_IDENTIFIER = villarroel.lorenzo.nytimesTests;
				PRODUCT_NAME = "$(TARGET_NAME)";
				SWIFT_VERSION = 4.0;
				TARGETED_DEVICE_FAMILY = "1,2";
				TEST_HOST = "$(BUILT_PRODUCTS_DIR)/nytimes.app/nytimes";
			};
			name = Debug;
		};
		45E096C7207A42B700D4936E /* Release */ = {
			isa = XCBuildConfiguration;
			baseConfigurationReference = 5D6183B426C411CBADF4E14A /* Pods-nytimesTests.release.xcconfig */;
			buildSettings = {
				ALWAYS_EMBED_SWIFT_STANDARD_LIBRARIES = YES;
				BUNDLE_LOADER = "$(TEST_HOST)";
				CODE_SIGN_STYLE = Automatic;
				INFOPLIST_FILE = nytimesTests/Info.plist;
				LD_RUNPATH_SEARCH_PATHS = "$(inherited) @executable_path/Frameworks @loader_path/Frameworks";
				PRODUCT_BUNDLE_IDENTIFIER = villarroel.lorenzo.nytimesTests;
				PRODUCT_NAME = "$(TARGET_NAME)";
				SWIFT_VERSION = 4.0;
				TARGETED_DEVICE_FAMILY = "1,2";
				TEST_HOST = "$(BUILT_PRODUCTS_DIR)/nytimes.app/nytimes";
			};
			name = Release;
		};
		45E096C9207A42B700D4936E /* Debug */ = {
			isa = XCBuildConfiguration;
			baseConfigurationReference = D261B760783D0D6AA9FF172B /* Pods-nytimesUITests.debug.xcconfig */;
			buildSettings = {
				ALWAYS_EMBED_SWIFT_STANDARD_LIBRARIES = YES;
				CODE_SIGN_STYLE = Automatic;
				INFOPLIST_FILE = nytimesUITests/Info.plist;
				LD_RUNPATH_SEARCH_PATHS = "$(inherited) @executable_path/Frameworks @loader_path/Frameworks";
				PRODUCT_BUNDLE_IDENTIFIER = villarroel.lorenzo.nytimesUITests;
				PRODUCT_NAME = "$(TARGET_NAME)";
				SWIFT_VERSION = 4.0;
				TARGETED_DEVICE_FAMILY = "1,2";
				TEST_TARGET_NAME = nytimes;
			};
			name = Debug;
		};
		45E096CA207A42B700D4936E /* Release */ = {
			isa = XCBuildConfiguration;
			baseConfigurationReference = FC3FFC7D8073B5A24213B5D3 /* Pods-nytimesUITests.release.xcconfig */;
			buildSettings = {
				ALWAYS_EMBED_SWIFT_STANDARD_LIBRARIES = YES;
				CODE_SIGN_STYLE = Automatic;
				INFOPLIST_FILE = nytimesUITests/Info.plist;
				LD_RUNPATH_SEARCH_PATHS = "$(inherited) @executable_path/Frameworks @loader_path/Frameworks";
				PRODUCT_BUNDLE_IDENTIFIER = villarroel.lorenzo.nytimesUITests;
				PRODUCT_NAME = "$(TARGET_NAME)";
				SWIFT_VERSION = 4.0;
				TARGETED_DEVICE_FAMILY = "1,2";
				TEST_TARGET_NAME = nytimes;
			};
			name = Release;
		};
/* End XCBuildConfiguration section */

/* Begin XCConfigurationList section */
		45E09695207A42B700D4936E /* Build configuration list for PBXProject "nytimes" */ = {
			isa = XCConfigurationList;
			buildConfigurations = (
				45E096C0207A42B700D4936E /* Debug */,
				45E096C1207A42B700D4936E /* Release */,
			);
			defaultConfigurationIsVisible = 0;
			defaultConfigurationName = Release;
		};
		45E096C2207A42B700D4936E /* Build configuration list for PBXNativeTarget "nytimes" */ = {
			isa = XCConfigurationList;
			buildConfigurations = (
				45E096C3207A42B700D4936E /* Debug */,
				45E096C4207A42B700D4936E /* Release */,
			);
			defaultConfigurationIsVisible = 0;
			defaultConfigurationName = Release;
		};
		45E096C5207A42B700D4936E /* Build configuration list for PBXNativeTarget "nytimesTests" */ = {
			isa = XCConfigurationList;
			buildConfigurations = (
				45E096C6207A42B700D4936E /* Debug */,
				45E096C7207A42B700D4936E /* Release */,
			);
			defaultConfigurationIsVisible = 0;
			defaultConfigurationName = Release;
		};
		45E096C8207A42B700D4936E /* Build configuration list for PBXNativeTarget "nytimesUITests" */ = {
			isa = XCConfigurationList;
			buildConfigurations = (
				45E096C9207A42B700D4936E /* Debug */,
				45E096CA207A42B700D4936E /* Release */,
			);
			defaultConfigurationIsVisible = 0;
			defaultConfigurationName = Release;
		};
/* End XCConfigurationList section */
	};
	rootObject = 45E09692207A42B700D4936E /* Project object */;
}
